
Microsoft Visual Studio Solution File, Format Version 12.00
# Visual Studio Version 16
VisualStudioVersion = 16.0.31727.386
MinimumVisualStudioVersion = 10.0.40219.1
Project("{8BC9CEB8-8B4A-11D0-8D11-00A0C91BC942}") = "Fonksiyonlar2", "Fonksiyonlar2\Fonksiyonlar2.vcxproj", "{7E97D0BD-35D8-46D0-A22A-6B43E407C28D}"
EndProject
Global
	GlobalSection(SolutionConfigurationPlatforms) = preSolution
		Debug|x64 = Debug|x64
		Debug|x86 = Debug|x86
		Release|x64 = Release|x64
		Release|x86 = Release|x86
	EndGlobalSection
	GlobalSection(ProjectConfigurationPlatforms) = postSolution
		{7E97D0BD-35D8-46D0-A22A-6B43E407C28D}.Debug|x64.ActiveCfg = Debug|x64
		{7E97D0BD-35D8-46D0-A22A-6B43E407C28D}.Debug|x64.Build.0 = Debug|x64
		{7E97D0BD-35D8-46D0-A22A-6B43E407C28D}.Debug|x86.ActiveCfg = Debug|Win32
		{7E97D0BD-35D8-46D0-A22A-6B43E407C28D}.Debug|x86.Build.0 = Debug|Win32
		{7E97D0BD-35D8-46D0-A22A-6B43E407C28D}.Release|x64.ActiveCfg = Release|x64
		{7E97D0BD-35D8-46D0-A22A-6B43E407C28D}.Release|x64.Build.0 = Release|x64
		{7E97D0BD-35D8-46D0-A22A-6B43E407C28D}.Release|x86.ActiveCfg = Release|Win32
		{7E97D0BD-35D8-46D0-A22A-6B43E407C28D}.Release|x86.Build.0 = Release|Win32
	EndGlobalSection
	GlobalSection(SolutionProperties) = preSolution
		HideSolutionNode = FALSE
	EndGlobalSection
	GlobalSection(ExtensibilityGlobals) = postSolution
		SolutionGuid = {E732C5D7-7319-4C21-9B4B-D17B136ECD07}
	EndGlobalSection
EndGlobal
