
Microsoft Visual Studio Solution File, Format Version 12.00
# Visual Studio Version 16
VisualStudioVersion = 16.0.31727.386
MinimumVisualStudioVersion = 10.0.40219.1
Project("{8BC9CEB8-8B4A-11D0-8D11-00A0C91BC942}") = "Exception", "Exception\Exception.vcxproj", "{7991A87E-58B0-4DE1-A2F7-064FD51C99DF}"
EndProject
Global
	GlobalSection(SolutionConfigurationPlatforms) = preSolution
		Debug|x64 = Debug|x64
		Debug|x86 = Debug|x86
		Release|x64 = Release|x64
		Release|x86 = Release|x86
	EndGlobalSection
	GlobalSection(ProjectConfigurationPlatforms) = postSolution
		{7991A87E-58B0-4DE1-A2F7-064FD51C99DF}.Debug|x64.ActiveCfg = Debug|x64
		{7991A87E-58B0-4DE1-A2F7-064FD51C99DF}.Debug|x64.Build.0 = Debug|x64
		{7991A87E-58B0-4DE1-A2F7-064FD51C99DF}.Debug|x86.ActiveCfg = Debug|Win32
		{7991A87E-58B0-4DE1-A2F7-064FD51C99DF}.Debug|x86.Build.0 = Debug|Win32
		{7991A87E-58B0-4DE1-A2F7-064FD51C99DF}.Release|x64.ActiveCfg = Release|x64
		{7991A87E-58B0-4DE1-A2F7-064FD51C99DF}.Release|x64.Build.0 = Release|x64
		{7991A87E-58B0-4DE1-A2F7-064FD51C99DF}.Release|x86.ActiveCfg = Release|Win32
		{7991A87E-58B0-4DE1-A2F7-064FD51C99DF}.Release|x86.Build.0 = Release|Win32
	EndGlobalSection
	GlobalSection(SolutionProperties) = preSolution
		HideSolutionNode = FALSE
	EndGlobalSection
	GlobalSection(ExtensibilityGlobals) = postSolution
		SolutionGuid = {4E19E569-A734-4EE4-B142-261F288F95D7}
	EndGlobalSection
EndGlobal
