
Microsoft Visual Studio Solution File, Format Version 12.00
# Visual Studio Version 16
VisualStudioVersion = 16.0.31729.503
MinimumVisualStudioVersion = 10.0.40219.1
Project("{8BC9CEB8-8B4A-11D0-8D11-00A0C91BC942}") = "TempObjFuncCall", "TempObjFuncCall\TempObjFuncCall.vcxproj", "{D4DC99BD-D355-4D99-9DAE-52BC5C84BB2C}"
EndProject
Global
	GlobalSection(SolutionConfigurationPlatforms) = preSolution
		Debug|x64 = Debug|x64
		Debug|x86 = Debug|x86
		Release|x64 = Release|x64
		Release|x86 = Release|x86
	EndGlobalSection
	GlobalSection(ProjectConfigurationPlatforms) = postSolution
		{D4DC99BD-D355-4D99-9DAE-52BC5C84BB2C}.Debug|x64.ActiveCfg = Debug|x64
		{D4DC99BD-D355-4D99-9DAE-52BC5C84BB2C}.Debug|x64.Build.0 = Debug|x64
		{D4DC99BD-D355-4D99-9DAE-52BC5C84BB2C}.Debug|x86.ActiveCfg = Debug|Win32
		{D4DC99BD-D355-4D99-9DAE-52BC5C84BB2C}.Debug|x86.Build.0 = Debug|Win32
		{D4DC99BD-D355-4D99-9DAE-52BC5C84BB2C}.Release|x64.ActiveCfg = Release|x64
		{D4DC99BD-D355-4D99-9DAE-52BC5C84BB2C}.Release|x64.Build.0 = Release|x64
		{D4DC99BD-D355-4D99-9DAE-52BC5C84BB2C}.Release|x86.ActiveCfg = Release|Win32
		{D4DC99BD-D355-4D99-9DAE-52BC5C84BB2C}.Release|x86.Build.0 = Release|Win32
	EndGlobalSection
	GlobalSection(SolutionProperties) = preSolution
		HideSolutionNode = FALSE
	EndGlobalSection
	GlobalSection(ExtensibilityGlobals) = postSolution
		SolutionGuid = {42A1AD50-CCB2-4EDC-BF71-47DDE32375B1}
	EndGlobalSection
EndGlobal
